
Microsoft Visual Studio Solution File, Format Version 12.00
# Visual Studio Version 17
VisualStudioVersion = 17.8.34330.188
MinimumVisualStudioVersion = 10.0.40219.1
Project("{FAE04EC0-301F-11D3-BF4B-00C04F79EFBC}") = "CAM-CMS-Server", "CAM-CMS-Server\CAM-CMS-Server.csproj", "{C0A68DEA-FC62-43B8-A703-79785013F157}"
EndProject
Global
	GlobalSection(SolutionConfigurationPlatforms) = preSolution
		Debug|Any CPU = Debug|Any CPU
		Release|Any CPU = Release|Any CPU
	EndGlobalSection
	GlobalSection(ProjectConfigurationPlatforms) = postSolution
		{C0A68DEA-FC62-43B8-A703-79785013F157}.Debug|Any CPU.ActiveCfg = Debug|Any CPU
		{C0A68DEA-FC62-43B8-A703-79785013F157}.Debug|Any CPU.Build.0 = Debug|Any CPU
		{C0A68DEA-FC62-43B8-A703-79785013F157}.Release|Any CPU.ActiveCfg = Release|Any CPU
		{C0A68DEA-FC62-43B8-A703-79785013F157}.Release|Any CPU.Build.0 = Release|Any CPU
	EndGlobalSection
	GlobalSection(SolutionProperties) = preSolution
		HideSolutionNode = FALSE
	EndGlobalSection
	GlobalSection(ExtensibilityGlobals) = postSolution
		SolutionGuid = {E12B7BDC-3D8C-411C-A8A3-72E2B9C223C8}
	EndGlobalSection
EndGlobal
